
Microsoft Visual Studio Solution File, Format Version 12.00
# Visual Studio 15
VisualStudioVersion = 15.0.27703.2035
MinimumVisualStudioVersion = 10.0.40219.1
Project("{D954291E-2A0B-460D-934E-DC6B0785DB48}") = "ArcGISX1.Shared", "ArcGISX1\ArcGISX1.Shared\ArcGISX1.Shared.shproj", "{C8CA9882-87C5-4DF3-BA23-6AAE8409E832}"
EndProject
Project("{FAE04EC0-301F-11D3-BF4B-00C04F79EFBC}") = "ArcGISX1.iOS", "ArcGISX1\ArcGISX1.iOS\ArcGISX1.iOS.csproj", "{527A5188-5E1B-498E-873F-DB3D8238C977}"
EndProject
Project("{FAE04EC0-301F-11D3-BF4B-00C04F79EFBC}") = "ArcGISX1.Android", "ArcGISX1\ArcGISX1.Android\ArcGISX1.Android.csproj", "{050CD154-BC32-4C07-A8DC-5CD475D35A6F}"
EndProject
Project("{FAE04EC0-301F-11D3-BF4B-00C04F79EFBC}") = "ArcGISX1.UWP", "ArcGISX1\ArcGISX1.UWP\ArcGISX1.UWP.csproj", "{C5006BD6-EFA5-4739-AB7F-128264F1D0CE}"
EndProject
Global
	GlobalSection(SharedMSBuildProjectFiles) = preSolution
		ArcGISX1\ArcGISX1.Shared\ArcGISX1.Shared.projitems*{050cd154-bc32-4c07-a8dc-5cd475d35a6f}*SharedItemsImports = 4
		ArcGISX1\ArcGISX1.Shared\ArcGISX1.Shared.projitems*{527a5188-5e1b-498e-873f-db3d8238c977}*SharedItemsImports = 4
		ArcGISX1\ArcGISX1.Shared\ArcGISX1.Shared.projitems*{c5006bd6-efa5-4739-ab7f-128264f1d0ce}*SharedItemsImports = 4
		ArcGISX1\ArcGISX1.Shared\ArcGISX1.Shared.projitems*{c8ca9882-87c5-4df3-ba23-6aae8409e832}*SharedItemsImports = 13
	EndGlobalSection
	GlobalSection(SolutionConfigurationPlatforms) = preSolution
		Ad-Hoc|Any CPU = Ad-Hoc|Any CPU
		Ad-Hoc|ARM = Ad-Hoc|ARM
		Ad-Hoc|iPhone = Ad-Hoc|iPhone
		Ad-Hoc|iPhoneSimulator = Ad-Hoc|iPhoneSimulator
		Ad-Hoc|x64 = Ad-Hoc|x64
		Ad-Hoc|x86 = Ad-Hoc|x86
		AppStore|Any CPU = AppStore|Any CPU
		AppStore|ARM = AppStore|ARM
		AppStore|iPhone = AppStore|iPhone
		AppStore|iPhoneSimulator = AppStore|iPhoneSimulator
		AppStore|x64 = AppStore|x64
		AppStore|x86 = AppStore|x86
		Debug|Any CPU = Debug|Any CPU
		Debug|ARM = Debug|ARM
		Debug|iPhone = Debug|iPhone
		Debug|iPhoneSimulator = Debug|iPhoneSimulator
		Debug|x64 = Debug|x64
		Debug|x86 = Debug|x86
		Release|Any CPU = Release|Any CPU
		Release|ARM = Release|ARM
		Release|iPhone = Release|iPhone
		Release|iPhoneSimulator = Release|iPhoneSimulator
		Release|x64 = Release|x64
		Release|x86 = Release|x86
	EndGlobalSection
	GlobalSection(ProjectConfigurationPlatforms) = postSolution
		{527A5188-5E1B-498E-873F-DB3D8238C977}.Ad-Hoc|Any CPU.ActiveCfg = Ad-Hoc|iPhone
		{527A5188-5E1B-498E-873F-DB3D8238C977}.Ad-Hoc|ARM.ActiveCfg = Ad-Hoc|iPhone
		{527A5188-5E1B-498E-873F-DB3D8238C977}.Ad-Hoc|iPhone.ActiveCfg = Ad-Hoc|iPhone
		{527A5188-5E1B-498E-873F-DB3D8238C977}.Ad-Hoc|iPhone.Build.0 = Ad-Hoc|iPhone
		{527A5188-5E1B-498E-873F-DB3D8238C977}.Ad-Hoc|iPhoneSimulator.ActiveCfg = Ad-Hoc|iPhoneSimulator
		{527A5188-5E1B-498E-873F-DB3D8238C977}.Ad-Hoc|iPhoneSimulator.Build.0 = Ad-Hoc|iPhoneSimulator
		{527A5188-5E1B-498E-873F-DB3D8238C977}.Ad-Hoc|x64.ActiveCfg = Ad-Hoc|iPhone
		{527A5188-5E1B-498E-873F-DB3D8238C977}.Ad-Hoc|x86.ActiveCfg = Ad-Hoc|iPhone
		{527A5188-5E1B-498E-873F-DB3D8238C977}.AppStore|Any CPU.ActiveCfg = AppStore|iPhone
		{527A5188-5E1B-498E-873F-DB3D8238C977}.AppStore|ARM.ActiveCfg = AppStore|iPhone
		{527A5188-5E1B-498E-873F-DB3D8238C977}.AppStore|iPhone.ActiveCfg = AppStore|iPhone
		{527A5188-5E1B-498E-873F-DB3D8238C977}.AppStore|iPhone.Build.0 = AppStore|iPhone
		{527A5188-5E1B-498E-873F-DB3D8238C977}.AppStore|iPhoneSimulator.ActiveCfg = AppStore|iPhoneSimulator
		{527A5188-5E1B-498E-873F-DB3D8238C977}.AppStore|iPhoneSimulator.Build.0 = AppStore|iPhoneSimulator
		{527A5188-5E1B-498E-873F-DB3D8238C977}.AppStore|x64.ActiveCfg = AppStore|iPhone
		{527A5188-5E1B-498E-873F-DB3D8238C977}.AppStore|x86.ActiveCfg = AppStore|iPhone
		{527A5188-5E1B-498E-873F-DB3D8238C977}.Debug|Any CPU.ActiveCfg = Debug|iPhone
		{527A5188-5E1B-498E-873F-DB3D8238C977}.Debug|ARM.ActiveCfg = Debug|iPhone
		{527A5188-5E1B-498E-873F-DB3D8238C977}.Debug|iPhone.ActiveCfg = Debug|iPhone
		{527A5188-5E1B-498E-873F-DB3D8238C977}.Debug|iPhone.Build.0 = Debug|iPhone
		{527A5188-5E1B-498E-873F-DB3D8238C977}.Debug|iPhoneSimulator.ActiveCfg = Debug|iPhoneSimulator
		{527A5188-5E1B-498E-873F-DB3D8238C977}.Debug|iPhoneSimulator.Build.0 = Debug|iPhoneSimulator
		{527A5188-5E1B-498E-873F-DB3D8238C977}.Debug|x64.ActiveCfg = Debug|iPhone
		{527A5188-5E1B-498E-873F-DB3D8238C977}.Debug|x86.ActiveCfg = Debug|iPhone
		{527A5188-5E1B-498E-873F-DB3D8238C977}.Release|Any CPU.ActiveCfg = Release|iPhone
		{527A5188-5E1B-498E-873F-DB3D8238C977}.Release|ARM.ActiveCfg = Release|iPhone
		{527A5188-5E1B-498E-873F-DB3D8238C977}.Release|iPhone.ActiveCfg = Release|iPhone
		{527A5188-5E1B-498E-873F-DB3D8238C977}.Release|iPhone.Build.0 = Release|iPhone
		{527A5188-5E1B-498E-873F-DB3D8238C977}.Release|iPhoneSimulator.ActiveCfg = Release|iPhoneSimulator
		{527A5188-5E1B-498E-873F-DB3D8238C977}.Release|iPhoneSimulator.Build.0 = Release|iPhoneSimulator
		{527A5188-5E1B-498E-873F-DB3D8238C977}.Release|x64.ActiveCfg = Release|iPhone
		{527A5188-5E1B-498E-873F-DB3D8238C977}.Release|x86.ActiveCfg = Release|iPhone
		{050CD154-BC32-4C07-A8DC-5CD475D35A6F}.Ad-Hoc|Any CPU.ActiveCfg = Release|Any CPU
		{050CD154-BC32-4C07-A8DC-5CD475D35A6F}.Ad-Hoc|Any CPU.Build.0 = Release|Any CPU
		{050CD154-BC32-4C07-A8DC-5CD475D35A6F}.Ad-Hoc|Any CPU.Deploy.0 = Release|Any CPU
		{050CD154-BC32-4C07-A8DC-5CD475D35A6F}.Ad-Hoc|ARM.ActiveCfg = Release|Any CPU
		{050CD154-BC32-4C07-A8DC-5CD475D35A6F}.Ad-Hoc|ARM.Build.0 = Release|Any CPU
		{050CD154-BC32-4C07-A8DC-5CD475D35A6F}.Ad-Hoc|ARM.Deploy.0 = Release|Any CPU
		{050CD154-BC32-4C07-A8DC-5CD475D35A6F}.Ad-Hoc|iPhone.ActiveCfg = Release|Any CPU
		{050CD154-BC32-4C07-A8DC-5CD475D35A6F}.Ad-Hoc|iPhone.Build.0 = Release|Any CPU
		{050CD154-BC32-4C07-A8DC-5CD475D35A6F}.Ad-Hoc|iPhone.Deploy.0 = Release|Any CPU
		{050CD154-BC32-4C07-A8DC-5CD475D35A6F}.Ad-Hoc|iPhoneSimulator.ActiveCfg = Release|Any CPU
		{050CD154-BC32-4C07-A8DC-5CD475D35A6F}.Ad-Hoc|iPhoneSimulator.Build.0 = Release|Any CPU
		{050CD154-BC32-4C07-A8DC-5CD475D35A6F}.Ad-Hoc|iPhoneSimulator.Deploy.0 = Release|Any CPU
		{050CD154-BC32-4C07-A8DC-5CD475D35A6F}.Ad-Hoc|x64.ActiveCfg = Release|Any CPU
		{050CD154-BC32-4C07-A8DC-5CD475D35A6F}.Ad-Hoc|x64.Build.0 = Release|Any CPU
		{050CD154-BC32-4C07-A8DC-5CD475D35A6F}.Ad-Hoc|x64.Deploy.0 = Release|Any CPU
		{050CD154-BC32-4C07-A8DC-5CD475D35A6F}.Ad-Hoc|x86.ActiveCfg = Release|Any CPU
		{050CD154-BC32-4C07-A8DC-5CD475D35A6F}.Ad-Hoc|x86.Build.0 = Release|Any CPU
		{050CD154-BC32-4C07-A8DC-5CD475D35A6F}.Ad-Hoc|x86.Deploy.0 = Release|Any CPU
		{050CD154-BC32-4C07-A8DC-5CD475D35A6F}.AppStore|Any CPU.ActiveCfg = Release|Any CPU
		{050CD154-BC32-4C07-A8DC-5CD475D35A6F}.AppStore|Any CPU.Build.0 = Release|Any CPU
		{050CD154-BC32-4C07-A8DC-5CD475D35A6F}.AppStore|Any CPU.Deploy.0 = Release|Any CPU
		{050CD154-BC32-4C07-A8DC-5CD475D35A6F}.AppStore|ARM.ActiveCfg = Release|Any CPU
		{050CD154-BC32-4C07-A8DC-5CD475D35A6F}.AppStore|ARM.Build.0 = Release|Any CPU
		{050CD154-BC32-4C07-A8DC-5CD475D35A6F}.AppStore|ARM.Deploy.0 = Release|Any CPU
		{050CD154-BC32-4C07-A8DC-5CD475D35A6F}.AppStore|iPhone.ActiveCfg = Release|Any CPU
		{050CD154-BC32-4C07-A8DC-5CD475D35A6F}.AppStore|iPhone.Build.0 = Release|Any CPU
		{050CD154-BC32-4C07-A8DC-5CD475D35A6F}.AppStore|iPhone.Deploy.0 = Release|Any CPU
		{050CD154-BC32-4C07-A8DC-5CD475D35A6F}.AppStore|iPhoneSimulator.ActiveCfg = Release|Any CPU
		{050CD154-BC32-4C07-A8DC-5CD475D35A6F}.AppStore|iPhoneSimulator.Build.0 = Release|Any CPU
		{050CD154-BC32-4C07-A8DC-5CD475D35A6F}.AppStore|iPhoneSimulator.Deploy.0 = Release|Any CPU
		{050CD154-BC32-4C07-A8DC-5CD475D35A6F}.AppStore|x64.ActiveCfg = Release|Any CPU
		{050CD154-BC32-4C07-A8DC-5CD475D35A6F}.AppStore|x64.Build.0 = Release|Any CPU
		{050CD154-BC32-4C07-A8DC-5CD475D35A6F}.AppStore|x64.Deploy.0 = Release|Any CPU
		{050CD154-BC32-4C07-A8DC-5CD475D35A6F}.AppStore|x86.ActiveCfg = Release|Any CPU
		{050CD154-BC32-4C07-A8DC-5CD475D35A6F}.AppStore|x86.Build.0 = Release|Any CPU
		{050CD154-BC32-4C07-A8DC-5CD475D35A6F}.AppStore|x86.Deploy.0 = Release|Any CPU
		{050CD154-BC32-4C07-A8DC-5CD475D35A6F}.Debug|Any CPU.ActiveCfg = Debug|Any CPU
		{050CD154-BC32-4C07-A8DC-5CD475D35A6F}.Debug|Any CPU.Build.0 = Debug|Any CPU
		{050CD154-BC32-4C07-A8DC-5CD475D35A6F}.Debug|Any CPU.Deploy.0 = Debug|Any CPU
		{050CD154-BC32-4C07-A8DC-5CD475D35A6F}.Debug|ARM.ActiveCfg = Debug|Any CPU
		{050CD154-BC32-4C07-A8DC-5CD475D35A6F}.Debug|ARM.Build.0 = Debug|Any CPU
		{050CD154-BC32-4C07-A8DC-5CD475D35A6F}.Debug|ARM.Deploy.0 = Debug|Any CPU
		{050CD154-BC32-4C07-A8DC-5CD475D35A6F}.Debug|iPhone.ActiveCfg = Debug|Any CPU
		{050CD154-BC32-4C07-A8DC-5CD475D35A6F}.Debug|iPhone.Build.0 = Debug|Any CPU
		{050CD154-BC32-4C07-A8DC-5CD475D35A6F}.Debug|iPhone.Deploy.0 = Debug|Any CPU
		{050CD154-BC32-4C07-A8DC-5CD475D35A6F}.Debug|iPhoneSimulator.ActiveCfg = Debug|Any CPU
		{050CD154-BC32-4C07-A8DC-5CD475D35A6F}.Debug|iPhoneSimulator.Build.0 = Debug|Any CPU
		{050CD154-BC32-4C07-A8DC-5CD475D35A6F}.Debug|iPhoneSimulator.Deploy.0 = Debug|Any CPU
		{050CD154-BC32-4C07-A8DC-5CD475D35A6F}.Debug|x64.ActiveCfg = Debug|Any CPU
		{050CD154-BC32-4C07-A8DC-5CD475D35A6F}.Debug|x64.Build.0 = Debug|Any CPU
		{050CD154-BC32-4C07-A8DC-5CD475D35A6F}.Debug|x64.Deploy.0 = Debug|Any CPU
		{050CD154-BC32-4C07-A8DC-5CD475D35A6F}.Debug|x86.ActiveCfg = Debug|Any CPU
		{050CD154-BC32-4C07-A8DC-5CD475D35A6F}.Debug|x86.Build.0 = Debug|Any CPU
		{050CD154-BC32-4C07-A8DC-5CD475D35A6F}.Debug|x86.Deploy.0 = Debug|Any CPU
		{050CD154-BC32-4C07-A8DC-5CD475D35A6F}.Release|Any CPU.ActiveCfg = Release|Any CPU
		{050CD154-BC32-4C07-A8DC-5CD475D35A6F}.Release|Any CPU.Build.0 = Release|Any CPU
		{050CD154-BC32-4C07-A8DC-5CD475D35A6F}.Release|Any CPU.Deploy.0 = Release|Any CPU
		{050CD154-BC32-4C07-A8DC-5CD475D35A6F}.Release|ARM.ActiveCfg = Release|Any CPU
		{050CD154-BC32-4C07-A8DC-5CD475D35A6F}.Release|ARM.Build.0 = Release|Any CPU
		{050CD154-BC32-4C07-A8DC-5CD475D35A6F}.Release|ARM.Deploy.0 = Release|Any CPU
		{050CD154-BC32-4C07-A8DC-5CD475D35A6F}.Release|iPhone.ActiveCfg = Release|Any CPU
		{050CD154-BC32-4C07-A8DC-5CD475D35A6F}.Release|iPhone.Build.0 = Release|Any CPU
		{050CD154-BC32-4C07-A8DC-5CD475D35A6F}.Release|iPhone.Deploy.0 = Release|Any CPU
		{050CD154-BC32-4C07-A8DC-5CD475D35A6F}.Release|iPhoneSimulator.ActiveCfg = Release|Any CPU
		{050CD154-BC32-4C07-A8DC-5CD475D35A6F}.Release|iPhoneSimulator.Build.0 = Release|Any CPU
		{050CD154-BC32-4C07-A8DC-5CD475D35A6F}.Release|iPhoneSimulator.Deploy.0 = Release|Any CPU
		{050CD154-BC32-4C07-A8DC-5CD475D35A6F}.Release|x64.ActiveCfg = Release|Any CPU
		{050CD154-BC32-4C07-A8DC-5CD475D35A6F}.Release|x64.Build.0 = Release|Any CPU
		{050CD154-BC32-4C07-A8DC-5CD475D35A6F}.Release|x64.Deploy.0 = Release|Any CPU
		{050CD154-BC32-4C07-A8DC-5CD475D35A6F}.Release|x86.ActiveCfg = Release|Any CPU
		{050CD154-BC32-4C07-A8DC-5CD475D35A6F}.Release|x86.Build.0 = Release|Any CPU
		{050CD154-BC32-4C07-A8DC-5CD475D35A6F}.Release|x86.Deploy.0 = Release|Any CPU
		{C5006BD6-EFA5-4739-AB7F-128264F1D0CE}.Ad-Hoc|Any CPU.ActiveCfg = Release|x64
		{C5006BD6-EFA5-4739-AB7F-128264F1D0CE}.Ad-Hoc|Any CPU.Build.0 = Release|x64
		{C5006BD6-EFA5-4739-AB7F-128264F1D0CE}.Ad-Hoc|Any CPU.Deploy.0 = Release|x64
		{C5006BD6-EFA5-4739-AB7F-128264F1D0CE}.Ad-Hoc|ARM.ActiveCfg = Release|ARM
		{C5006BD6-EFA5-4739-AB7F-128264F1D0CE}.Ad-Hoc|ARM.Build.0 = Release|ARM
		{C5006BD6-EFA5-4739-AB7F-128264F1D0CE}.Ad-Hoc|ARM.Deploy.0 = Release|ARM
		{C5006BD6-EFA5-4739-AB7F-128264F1D0CE}.Ad-Hoc|iPhone.ActiveCfg = Release|x64
		{C5006BD6-EFA5-4739-AB7F-128264F1D0CE}.Ad-Hoc|iPhone.Build.0 = Release|x64
		{C5006BD6-EFA5-4739-AB7F-128264F1D0CE}.Ad-Hoc|iPhone.Deploy.0 = Release|x64
		{C5006BD6-EFA5-4739-AB7F-128264F1D0CE}.Ad-Hoc|iPhoneSimulator.ActiveCfg = Release|x64
		{C5006BD6-EFA5-4739-AB7F-128264F1D0CE}.Ad-Hoc|iPhoneSimulator.Build.0 = Release|x64
		{C5006BD6-EFA5-4739-AB7F-128264F1D0CE}.Ad-Hoc|iPhoneSimulator.Deploy.0 = Release|x64
		{C5006BD6-EFA5-4739-AB7F-128264F1D0CE}.Ad-Hoc|x64.ActiveCfg = Release|x64
		{C5006BD6-EFA5-4739-AB7F-128264F1D0CE}.Ad-Hoc|x64.Build.0 = Release|x64
		{C5006BD6-EFA5-4739-AB7F-128264F1D0CE}.Ad-Hoc|x64.Deploy.0 = Release|x64
		{C5006BD6-EFA5-4739-AB7F-128264F1D0CE}.Ad-Hoc|x86.ActiveCfg = Release|x86
		{C5006BD6-EFA5-4739-AB7F-128264F1D0CE}.Ad-Hoc|x86.Build.0 = Release|x86
		{C5006BD6-EFA5-4739-AB7F-128264F1D0CE}.Ad-Hoc|x86.Deploy.0 = Release|x86
		{C5006BD6-EFA5-4739-AB7F-128264F1D0CE}.AppStore|Any CPU.ActiveCfg = Release|x64
		{C5006BD6-EFA5-4739-AB7F-128264F1D0CE}.AppStore|Any CPU.Build.0 = Release|x64
		{C5006BD6-EFA5-4739-AB7F-128264F1D0CE}.AppStore|Any CPU.Deploy.0 = Release|x64
		{C5006BD6-EFA5-4739-AB7F-128264F1D0CE}.AppStore|ARM.ActiveCfg = Release|ARM
		{C5006BD6-EFA5-4739-AB7F-128264F1D0CE}.AppStore|ARM.Build.0 = Release|ARM
		{C5006BD6-EFA5-4739-AB7F-128264F1D0CE}.AppStore|ARM.Deploy.0 = Release|ARM
		{C5006BD6-EFA5-4739-AB7F-128264F1D0CE}.AppStore|iPhone.ActiveCfg = Release|x64
		{C5006BD6-EFA5-4739-AB7F-128264F1D0CE}.AppStore|iPhone.Build.0 = Release|x64
		{C5006BD6-EFA5-4739-AB7F-128264F1D0CE}.AppStore|iPhone.Deploy.0 = Release|x64
		{C5006BD6-EFA5-4739-AB7F-128264F1D0CE}.AppStore|iPhoneSimulator.ActiveCfg = Release|x64
		{C5006BD6-EFA5-4739-AB7F-128264F1D0CE}.AppStore|iPhoneSimulator.Build.0 = Release|x64
		{C5006BD6-EFA5-4739-AB7F-128264F1D0CE}.AppStore|iPhoneSimulator.Deploy.0 = Release|x64
		{C5006BD6-EFA5-4739-AB7F-128264F1D0CE}.AppStore|x64.ActiveCfg = Release|x64
		{C5006BD6-EFA5-4739-AB7F-128264F1D0CE}.AppStore|x64.Build.0 = Release|x64
		{C5006BD6-EFA5-4739-AB7F-128264F1D0CE}.AppStore|x64.Deploy.0 = Release|x64
		{C5006BD6-EFA5-4739-AB7F-128264F1D0CE}.AppStore|x86.ActiveCfg = Release|x86
		{C5006BD6-EFA5-4739-AB7F-128264F1D0CE}.AppStore|x86.Build.0 = Release|x86
		{C5006BD6-EFA5-4739-AB7F-128264F1D0CE}.AppStore|x86.Deploy.0 = Release|x86
		{C5006BD6-EFA5-4739-AB7F-128264F1D0CE}.Debug|Any CPU.ActiveCfg = Debug|x86
		{C5006BD6-EFA5-4739-AB7F-128264F1D0CE}.Debug|ARM.ActiveCfg = Debug|ARM
		{C5006BD6-EFA5-4739-AB7F-128264F1D0CE}.Debug|ARM.Build.0 = Debug|ARM
		{C5006BD6-EFA5-4739-AB7F-128264F1D0CE}.Debug|ARM.Deploy.0 = Debug|ARM
		{C5006BD6-EFA5-4739-AB7F-128264F1D0CE}.Debug|iPhone.ActiveCfg = Debug|x86
		{C5006BD6-EFA5-4739-AB7F-128264F1D0CE}.Debug|iPhoneSimulator.ActiveCfg = Debug|x86
		{C5006BD6-EFA5-4739-AB7F-128264F1D0CE}.Debug|x64.ActiveCfg = Debug|x64
		{C5006BD6-EFA5-4739-AB7F-128264F1D0CE}.Debug|x64.Build.0 = Debug|x64
		{C5006BD6-EFA5-4739-AB7F-128264F1D0CE}.Debug|x64.Deploy.0 = Debug|x64
		{C5006BD6-EFA5-4739-AB7F-128264F1D0CE}.Debug|x86.ActiveCfg = Debug|x86
		{C5006BD6-EFA5-4739-AB7F-128264F1D0CE}.Debug|x86.Build.0 = Debug|x86
		{C5006BD6-EFA5-4739-AB7F-128264F1D0CE}.Debug|x86.Deploy.0 = Debug|x86
		{C5006BD6-EFA5-4739-AB7F-128264F1D0CE}.Release|Any CPU.ActiveCfg = Release|x86
		{C5006BD6-EFA5-4739-AB7F-128264F1D0CE}.Release|ARM.ActiveCfg = Release|ARM
		{C5006BD6-EFA5-4739-AB7F-128264F1D0CE}.Release|ARM.Build.0 = Release|ARM
		{C5006BD6-EFA5-4739-AB7F-128264F1D0CE}.Release|ARM.Deploy.0 = Release|ARM
		{C5006BD6-EFA5-4739-AB7F-128264F1D0CE}.Release|iPhone.ActiveCfg = Release|x86
		{C5006BD6-EFA5-4739-AB7F-128264F1D0CE}.Release|iPhoneSimulator.ActiveCfg = Release|x86
		{C5006BD6-EFA5-4739-AB7F-128264F1D0CE}.Release|x64.ActiveCfg = Release|x64
		{C5006BD6-EFA5-4739-AB7F-128264F1D0CE}.Release|x64.Build.0 = Release|x64
		{C5006BD6-EFA5-4739-AB7F-128264F1D0CE}.Release|x64.Deploy.0 = Release|x64
		{C5006BD6-EFA5-4739-AB7F-128264F1D0CE}.Release|x86.ActiveCfg = Release|x86
		{C5006BD6-EFA5-4739-AB7F-128264F1D0CE}.Release|x86.Build.0 = Release|x86
		{C5006BD6-EFA5-4739-AB7F-128264F1D0CE}.Release|x86.Deploy.0 = Release|x86
	EndGlobalSection
	GlobalSection(SolutionProperties) = preSolution
		HideSolutionNode = FALSE
	EndGlobalSection
	GlobalSection(ExtensibilityGlobals) = postSolution
		SolutionGuid = {8713A5B2-6A90-4E90-AFFD-14A19D62212D}
	EndGlobalSection
EndGlobal
